{
  "version": "2",
  "remote": {
    "https://deno.land/std@0.173.0/_util/asserts.ts": "178dfc49a464aee693a7e285567b3d0b555dc805ff490505a8aae34f9cfb1462",
    "https://deno.land/std@0.173.0/_util/os.ts": "d932f56d41e4f6a6093d56044e29ce637f8dcc43c5a90af43504a889cf1775e3",
    "https://deno.land/std@0.173.0/async/abortable.ts": "73acfb3ed7261ce0d930dbe89e43db8d34e017b063cf0eaa7d215477bf53442e",
    "https://deno.land/std@0.173.0/async/deadline.ts": "b98e50d2c42399af03ad13bbb8cf59dadb9f0cd5d70648cc0c3b9202d75ab565",
    "https://deno.land/std@0.173.0/async/debounce.ts": "adab11d04ca38d699444ac8a9d9856b4155e8dda2afd07ce78276c01ea5a4332",
    "https://deno.land/std@0.173.0/async/deferred.ts": "42790112f36a75a57db4a96d33974a936deb7b04d25c6084a9fa8a49f135def8",
    "https://deno.land/std@0.173.0/async/delay.ts": "73aa04cec034c84fc748c7be49bb15cac3dd43a57174bfdb7a4aec22c248f0dd",
    "https://deno.land/std@0.173.0/async/mod.ts": "f04344fa21738e5ad6bea37a6bfffd57c617c2d372bb9f9dcfd118a1b622e576",
    "https://deno.land/std@0.173.0/async/mux_async_iterator.ts": "70c7f2ee4e9466161350473ad61cac0b9f115cff4c552eaa7ef9d50c4cbb4cc9",
    "https://deno.land/std@0.173.0/async/pool.ts": "fd082bd4aaf26445909889435a5c74334c017847842ec035739b4ae637ae8260",
    "https://deno.land/std@0.173.0/async/retry.ts": "5efa3ba450ac0c07a40a82e2df296287b5013755d232049efd7ea2244f15b20f",
    "https://deno.land/std@0.173.0/async/tee.ts": "47e42d35f622650b02234d43803d0383a89eb4387e1b83b5a40106d18ae36757",
    "https://deno.land/std@0.173.0/fs/_util.ts": "65381f341af1ff7f40198cee15c20f59951ac26e51ddc651c5293e24f9ce6f32",
    "https://deno.land/std@0.173.0/fs/walk.ts": "ea95ffa6500c1eda6b365be488c056edc7c883a1db41ef46ec3bf057b1c0fe32",
    "https://deno.land/std@0.173.0/http/server.ts": "cbb17b594651215ba95c01a395700684e569c165a567e4e04bba327f41197433",
    "https://deno.land/std@0.173.0/path/_constants.ts": "e49961f6f4f48039c0dfed3c3f93e963ca3d92791c9d478ac5b43183413136e0",
    "https://deno.land/std@0.173.0/path/_interface.ts": "6471159dfbbc357e03882c2266d21ef9afdb1e4aa771b0545e90db58a0ba314b",
    "https://deno.land/std@0.173.0/path/_util.ts": "86c2375a996c1931b2f2ac71fefd5ddf0cf0e579fa4ab12d3e4c552d4223b8d8",
    "https://deno.land/std@0.173.0/path/common.ts": "ee7505ab01fd22de3963b64e46cff31f40de34f9f8de1fff6a1bd2fe79380000",
    "https://deno.land/std@0.173.0/path/glob.ts": "d479e0a695621c94d3fd7fe7abd4f9499caf32a8de13f25073451c6ef420a4e1",
    "https://deno.land/std@0.173.0/path/mod.ts": "4b83694ac500d7d31b0cdafc927080a53dc0c3027eb2895790fb155082b0d232",
    "https://deno.land/std@0.173.0/path/posix.ts": "0874b341c2c6968ca38d323338b8b295ea1dae10fa872a768d812e2e7d634789",
    "https://deno.land/std@0.173.0/path/separator.ts": "0fb679739d0d1d7bf45b68dacfb4ec7563597a902edbaf3c59b50d5bcadd93b1",
    "https://deno.land/std@0.173.0/path/win32.ts": "672942919dd66ce1b8c224e77d3447e2ad8254eaff13fe6946420a9f78fa141e",
    "https://deno.land/std@0.177.0/_util/asserts.ts": "178dfc49a464aee693a7e285567b3d0b555dc805ff490505a8aae34f9cfb1462",
    "https://deno.land/std@0.177.0/_util/os.ts": "d932f56d41e4f6a6093d56044e29ce637f8dcc43c5a90af43504a889cf1775e3",
    "https://deno.land/std@0.177.0/bytes/bytes_list.ts": "b4cbdfd2c263a13e8a904b12d082f6177ea97d9297274a4be134e989450dfa6a",
    "https://deno.land/std@0.177.0/bytes/copy.ts": "939d89e302a9761dcf1d9c937c7711174ed74c59eef40a1e4569a05c9de88219",
    "https://deno.land/std@0.177.0/fs/_util.ts": "65381f341af1ff7f40198cee15c20f59951ac26e51ddc651c5293e24f9ce6f32",
    "https://deno.land/std@0.177.0/fs/walk.ts": "ea95ffa6500c1eda6b365be488c056edc7c883a1db41ef46ec3bf057b1c0fe32",
    "https://deno.land/std@0.177.0/http/server.ts": "cbb17b594651215ba95c01a395700684e569c165a567e4e04bba327f41197433",
    "https://deno.land/std@0.177.0/io/buffer.ts": "e2b7564f684dad625cab08f5106f33572d325705d19a36822b3272fbdfb8f726",
    "https://deno.land/std@0.177.0/path/_constants.ts": "e49961f6f4f48039c0dfed3c3f93e963ca3d92791c9d478ac5b43183413136e0",
    "https://deno.land/std@0.177.0/path/_interface.ts": "6471159dfbbc357e03882c2266d21ef9afdb1e4aa771b0545e90db58a0ba314b",
    "https://deno.land/std@0.177.0/path/_util.ts": "d7abb1e0dea065f427b89156e28cdeb32b045870acdf865833ba808a73b576d0",
    "https://deno.land/std@0.177.0/path/common.ts": "ee7505ab01fd22de3963b64e46cff31f40de34f9f8de1fff6a1bd2fe79380000",
    "https://deno.land/std@0.177.0/path/glob.ts": "d479e0a695621c94d3fd7fe7abd4f9499caf32a8de13f25073451c6ef420a4e1",
    "https://deno.land/std@0.177.0/path/mod.ts": "4b83694ac500d7d31b0cdafc927080a53dc0c3027eb2895790fb155082b0d232",
    "https://deno.land/std@0.177.0/path/posix.ts": "8b7c67ac338714b30c816079303d0285dd24af6b284f7ad63da5b27372a2c94d",
    "https://deno.land/std@0.177.0/path/separator.ts": "0fb679739d0d1d7bf45b68dacfb4ec7563597a902edbaf3c59b50d5bcadd93b1",
    "https://deno.land/std@0.177.0/path/win32.ts": "d186344e5583bcbf8b18af416d13d82b35a317116e6460a5a3953508c3de5bba",
    "https://deno.land/std@0.177.0/streams/_common.ts": "f45cba84f0d813de3326466095539602364a9ba521f804cc758f7a475cda692d",
    "https://deno.land/std@0.177.0/streams/buffer.ts": "7e7676c29e0e72f6821c3b5fede2540886a216bb91c849bb5db20bb82a01d8a1",
    "https://deno.land/std@0.177.0/streams/byte_slice_stream.ts": "cf5785b0d9223ebb51fcf6679d881dfaf614c3b288fb4577b511b6f7801a01aa",
    "https://deno.land/std@0.177.0/streams/copy.ts": "de0de21701d8cceba84ca01d9731c77f4b3597bb9de6a1b08f32250353feeae8",
    "https://deno.land/std@0.177.0/streams/delimiter_stream.ts": "178916310e8bc54e2ca74fc5a708a24c27fae339738fb3407d793c46a8b624a2",
    "https://deno.land/std@0.177.0/streams/early_zip_readable_streams.ts": "64828085be5812ec5f4896c10b59f14e5a322b2c0439be9331dde332ae9c91de",
    "https://deno.land/std@0.177.0/streams/iterate_reader.ts": "06491ed8f1bb1c619abbfa04c10b173ff95a93e51fe5037b7c1ad0b5cc01fc7d",
    "https://deno.land/std@0.177.0/streams/limited_bytes_transform_stream.ts": "3bc04143b8b91a923f5ee81a3c618b6606ac7da66ccbcde62a67aaa0375cbc71",
    "https://deno.land/std@0.177.0/streams/limited_transform_stream.ts": "b336f5d649a06e35e2692849e3682a673bb32531738443eb2ce9f57538722f75",
    "https://deno.land/std@0.177.0/streams/merge_readable_streams.ts": "5d6302888f4bb0616dafb5768771be0aec9bedc05fbae6b3d726d05ffbec5b15",
    "https://deno.land/std@0.177.0/streams/mod.ts": "c07ec010e700b9ea887dc36ca08729828bc7912f711e4054e24d33fd46282252",
    "https://deno.land/std@0.177.0/streams/read_all.ts": "bfa220b0e1d06fa4d0cb5178baba8f8b466019a7411511982bfa2320ca292815",
    "https://deno.land/std@0.177.0/streams/readable_stream_from_iterable.ts": "cae337ddafd2abc5e3df699ef2af888ac04091f12732ae658448fba2c7b187e8",
    "https://deno.land/std@0.177.0/streams/readable_stream_from_reader.ts": "9aceaeefa9e04b08f56b2d07272baedc3b6432840b66198d72fa2ada3e6608ea",
    "https://deno.land/std@0.177.0/streams/reader_from_iterable.ts": "05f7759b9336fd4c233d9daadf92aec9a7d2c07a05986da466a935cec2dd79d9",
    "https://deno.land/std@0.177.0/streams/reader_from_stream_reader.ts": "3fda9390ec8520c8a9ea2aba2579208b18880a7663d7a9feec8f193b7af14e41",
    "https://deno.land/std@0.177.0/streams/text_delimiter_stream.ts": "ee216316360366c3744197f5665a066a25e6baa8cfe836fbe9a0033e079e089e",
    "https://deno.land/std@0.177.0/streams/text_line_stream.ts": "a9dd2636c6b90e626e19df26c97034c5f638bdd957cbd5c531d6278fe1d08e90",
    "https://deno.land/std@0.177.0/streams/to_transform_stream.ts": "31c8cce967a2f602be5f164973a5c6cedd4c76e1d2fbc22ae0081b084f73fb0e",
    "https://deno.land/std@0.177.0/streams/writable_stream_from_writer.ts": "0320b759aa343f9f4f58b014fe301d9a7abcbfb8413d260502a885995e6a0776",
    "https://deno.land/std@0.177.0/streams/writer_from_stream_writer.ts": "31126a6bf2e678c5a718011d4831dbe75dbdbd885965d3dbd5dd105e6f20f976",
    "https://deno.land/std@0.177.0/streams/zip_readable_streams.ts": "9eb82070d83055fe6f077192fb204dc7612695a4b330148e9aa376df1a65e708",
    "https://deno.land/x/ldrawjs@v1.1.5/collect.ts": "67a16b0f26a22b6960a957108e89f8e7ef8b92fcd6e21f32a50e8c11594048e7",
    "https://deno.land/x/ldrawjs@v1.1.5/consts.ts": "3ccda60594d7092a36d0b9d0f31fd1fd8d262f499b094ce685c80cfd6e283a1a",
    "https://deno.land/x/ldrawjs@v1.1.5/convert.ts": "3ecdda5aeff8a398284b2eccb3f094c934bcc99e3abe8747ab85e21f9049750d",
    "https://deno.land/x/ldrawjs@v1.1.5/generate.ts": "2479503ff623c01000794708bbe27cf294df77a24298ea0919305dc3c7b5c717",
    "https://deno.land/x/ldrawjs@v1.1.5/mod.ts": "4a2c6a8b82964764894e71b63251dd9ee963facccba27099a3a57b453b44181d",
    "https://deno.land/x/ldrawjs@v1.1.5/parse.ts": "59e4378bc1624ba32c04d153e76b4ae49e4cd7c329c353129cbfd07cce9d2390",
    "https://deno.land/x/ldrawjs@v1.1.5/types.ts": "5f74c3dd2e3089df2065bef6332e8ed14891928b01351d0713c04934653faa96",
    "https://deno.land/x/ldrawjs@v1.1.5/utils/three.ts": "5ed060a792a95e97978286a63f961f098ab403c9466a87d3c9c8b8cb05d9eb0d",
    "https://esm.sh/three@0.149.0": "3996885b14fd5830a632cdbf532ca15bad8b3cdfba72e19264745cdd4caf8ae6",
    "https://esm.sh/v106/@types/three@0.149.0/index.d.ts": "c81a2455a661e065dd2ace5a271fd4102fae8a030bcc689a65bfdee527a0aaa4",
    "https://esm.sh/v106/@types/three@0.149.0/src/Three.Legacy.d.ts": "8e609bb71c20b858c77f0e9f90bb1319db8477b13f9f965f1a1e18524bf50881",
    "https://esm.sh/v106/@types/three@0.149.0/src/Three.d.ts": "8903e3c7d875c193018e7ff31476242067a6fc7d6b15e832647073d581c01684",
    "https://esm.sh/v106/@types/three@0.149.0/src/animation/AnimationAction.d.ts": "e17c5f84af2e9cdb1b070026c4221269a80694b15c4177d5ad62d3b24a470911",
    "https://esm.sh/v106/@types/three@0.149.0/src/animation/AnimationClip.d.ts": "429e30ad164b92120f796e5c087318cd608efacc4e70f981863b634c3782bf47",
    "https://esm.sh/v106/@types/three@0.149.0/src/animation/AnimationMixer.d.ts": "48c0c4f7ce35ab2c2e95d98f3c65bae2b728d42e9650ee07920d70dba45af8c5",
    "https://esm.sh/v106/@types/three@0.149.0/src/animation/AnimationObjectGroup.d.ts": "0e6b3c7f300f6e2587c62783ebf78c74e61e7e85d37591e1e1ecf82cc15adc01",
    "https://esm.sh/v106/@types/three@0.149.0/src/animation/AnimationUtils.d.ts": "3844675450df741c4f36369cca821954cd4d127caa2ae37b4dc1a65874f7d374",
    "https://esm.sh/v106/@types/three@0.149.0/src/animation/KeyframeTrack.d.ts": "c3b2768274b5b39171827a7127cbbccf7941d276f245803cb5c0fd8a3672dd2a",
    "https://esm.sh/v106/@types/three@0.149.0/src/animation/PropertyBinding.d.ts": "bfac6d6a4817bf56d574b1f32b174f655e05ce45c5ddf6d17c9b592660f10935",
    "https://esm.sh/v106/@types/three@0.149.0/src/animation/PropertyMixer.d.ts": "4c136da3b1dce49c12eac152699c6b4bc64fa93d6c7224a43c816f7e51b00930",
    "https://esm.sh/v106/@types/three@0.149.0/src/animation/tracks/BooleanKeyframeTrack.d.ts": "5bf0149acae95f9773797ca0f2727dbca895946fcfa3a4e71126bfd7fd638cff",
    "https://esm.sh/v106/@types/three@0.149.0/src/animation/tracks/ColorKeyframeTrack.d.ts": "3ef0ee181232b3cee1794d02115cff5092367a85fe107ed8630b7cebbfabbd9e",
    "https://esm.sh/v106/@types/three@0.149.0/src/animation/tracks/NumberKeyframeTrack.d.ts": "a69e60cfba17a527e79351410780ee6847fc2dbbcc3ac2b5bdc22419f7ea787a",
    "https://esm.sh/v106/@types/three@0.149.0/src/animation/tracks/QuaternionKeyframeTrack.d.ts": "0580f300aac8a424d91edd743559674098a7e7b066abf658f48636c00c5c7bb3",
    "https://esm.sh/v106/@types/three@0.149.0/src/animation/tracks/StringKeyframeTrack.d.ts": "8bf409336275234bedaa364da5edfbd2ef437f6d2facaf42e50845975add33ea",
    "https://esm.sh/v106/@types/three@0.149.0/src/animation/tracks/VectorKeyframeTrack.d.ts": "22a62542bf51e08914f5a55882c788de3d4e95749f3b1b729c6d7e463044440c",
    "https://esm.sh/v106/@types/three@0.149.0/src/audio/Audio.d.ts": "8537eabace8b8080a2f9d96ad0fb66710f2398122667badfccad78611ac0a325",
    "https://esm.sh/v106/@types/three@0.149.0/src/audio/AudioAnalyser.d.ts": "5b81a7cb1c2a8ad5491673b3212562003541cb10a91c588ddb5c98c72ffb558c",
    "https://esm.sh/v106/@types/three@0.149.0/src/audio/AudioContext.d.ts": "5f90594460120a3c784a1489117252f75cca21f2c7f767a8a89acc372d2be3e9",
    "https://esm.sh/v106/@types/three@0.149.0/src/audio/AudioListener.d.ts": "546de323e0bb0d8f81bc5928ec373aefb38ec78401586fa53ef236f9b9a59659",
    "https://esm.sh/v106/@types/three@0.149.0/src/audio/PositionalAudio.d.ts": "0e47b534308603823ec560b8377be729b06f29dad7b0b3c8f211dab91719502f",
    "https://esm.sh/v106/@types/three@0.149.0/src/cameras/ArrayCamera.d.ts": "72b812eeeff35267c7420718e59e81f65eed38c1c72f58bb36fb918176bb3862",
    "https://esm.sh/v106/@types/three@0.149.0/src/cameras/Camera.d.ts": "44c12750d33deae0d6651e80770b995de4a6266b96e255a07ec7f1421da3f84e",
    "https://esm.sh/v106/@types/three@0.149.0/src/cameras/CubeCamera.d.ts": "2178f432ece936ccad5a84d9c4b24efae94f8c3888b9e7692861f2ec1a556d5e",
    "https://esm.sh/v106/@types/three@0.149.0/src/cameras/OrthographicCamera.d.ts": "395ae12aecebf32f0cfaf559d93d8aba4361c3a1b8698874844aad2a15d4ade2",
    "https://esm.sh/v106/@types/three@0.149.0/src/cameras/PerspectiveCamera.d.ts": "611af205c5db1afce0147355f23c4b84dea48703a0a12d8b65835e2bbcc5aa64",
    "https://esm.sh/v106/@types/three@0.149.0/src/cameras/StereoCamera.d.ts": "1a8deb18e479b8ebc73222adafd20c5f49a94ddffb4e21dcfdead96e10cf24c2",
    "https://esm.sh/v106/@types/three@0.149.0/src/constants.d.ts": "88e7279c31d4c461295b7d18eba34cccbd0060b7ebbbc77b5c59a307b68c6e12",
    "https://esm.sh/v106/@types/three@0.149.0/src/core/BufferAttribute.d.ts": "956832036764fb165c6867fc4195853d9a6293ec7e379f1d317e558ad70cffd1",
    "https://esm.sh/v106/@types/three@0.149.0/src/core/BufferGeometry.d.ts": "bbe163c7fe41c0d93fa41565f661d200ce7e9435745904f1057ea1dcda7e4c77",
    "https://esm.sh/v106/@types/three@0.149.0/src/core/Clock.d.ts": "6e322a837838dbaad00bd298c6f33f5dfc9a5fed6792b0ae1d00b2da68afc2ac",
    "https://esm.sh/v106/@types/three@0.149.0/src/core/EventDispatcher.d.ts": "89005628a158578cfb8bc873c4bb6dbfc08e3b2c0fdab46ee7e5d9703cb8528e",
    "https://esm.sh/v106/@types/three@0.149.0/src/core/GLBufferAttribute.d.ts": "422eb82ded9c06926e586685ff788d2b0b8ebbe7094ee34515d103d260af3d84",
    "https://esm.sh/v106/@types/three@0.149.0/src/core/InstancedBufferAttribute.d.ts": "405779f296becbfd28569ca774fa24fbf4b336eee7fce47599ce23b2e9b413ab",
    "https://esm.sh/v106/@types/three@0.149.0/src/core/InstancedBufferGeometry.d.ts": "99ed7f22720f95039389c1501bd62a7be08f882ea934131bac85446362b53cad",
    "https://esm.sh/v106/@types/three@0.149.0/src/core/InstancedInterleavedBuffer.d.ts": "96df468b20b2a5ed4a94c0034039a62a1b6e613a78fe14ddd1653756ca7865f7",
    "https://esm.sh/v106/@types/three@0.149.0/src/core/InterleavedBuffer.d.ts": "3dae3cb67001582d902d4bacca6301b23366ffbfc4ffa510b3daf95bd7db2e70",
    "https://esm.sh/v106/@types/three@0.149.0/src/core/InterleavedBufferAttribute.d.ts": "7276cffed804f5fb952a8e36dc76fdd059e9c314ad81e1c0d7aaa709b5fedbc8",
    "https://esm.sh/v106/@types/three@0.149.0/src/core/Layers.d.ts": "121256405f75ca1ce16af4f3306947b967d571a3b5e78ab2ce3f87ff247194d4",
    "https://esm.sh/v106/@types/three@0.149.0/src/core/Object3D.d.ts": "31d4173eb1adb85af37564782e2d35bfbb3278e7ba6c213749f0775c4cb7a9c7",
    "https://esm.sh/v106/@types/three@0.149.0/src/core/Raycaster.d.ts": "c51c17023b2363d041a3f1982f6a3e26af0fc007ef710da4d59481fa1ee9bdb6",
    "https://esm.sh/v106/@types/three@0.149.0/src/core/Uniform.d.ts": "eb42e1aee41c9adcb43acd60f60228eae7958ec11fae463ccf7fe0991e5ab819",
    "https://esm.sh/v106/@types/three@0.149.0/src/core/UniformsGroup.d.ts": "442506e552026250dfe84a9c0bc7b882742e59576a1e97344ced79ea750c6496",
    "https://esm.sh/v106/@types/three@0.149.0/src/extras/DataUtils.d.ts": "6c83d56f198a86b2a28294c884347750d3f467047fad02207788650839920a02",
    "https://esm.sh/v106/@types/three@0.149.0/src/extras/Earcut.d.ts": "2c28977e8ad485d85cf55924a1d3e0048a3c1137411cb4d4f147e628fd00192f",
    "https://esm.sh/v106/@types/three@0.149.0/src/extras/ImageUtils.d.ts": "a2f9007b399ff9de213e08c63c7dd8bea5030cf88dd9b208f7869adc9edc906b",
    "https://esm.sh/v106/@types/three@0.149.0/src/extras/PMREMGenerator.d.ts": "2dec10bf565890303c6e8c2dd78b76d75f4f154d6c95b43a48dc93b26efeffed",
    "https://esm.sh/v106/@types/three@0.149.0/src/extras/ShapeUtils.d.ts": "9fe3723a3f5f2daa1317099c833ddf6e9859c3298fdc0edb4e06b463f9805761",
    "https://esm.sh/v106/@types/three@0.149.0/src/extras/core/Curve.d.ts": "a85938c45c5700c8cec28466fbfcbc9b47cf565e97cc339463c62119cc175777",
    "https://esm.sh/v106/@types/three@0.149.0/src/extras/core/CurvePath.d.ts": "66e94f1866be8524d734bd29e418f571744dcc9a847207bf3ecd7e5f9a987655",
    "https://esm.sh/v106/@types/three@0.149.0/src/extras/core/Path.d.ts": "a8fa243a0251bad326dee36b5b6984e0aba389066e50428a89abae02d6d57f70",
    "https://esm.sh/v106/@types/three@0.149.0/src/extras/core/Shape.d.ts": "0d18a70b2f9214604ff7e5e085f1b58362034635cf2e5a8e572565068b049e50",
    "https://esm.sh/v106/@types/three@0.149.0/src/extras/core/ShapePath.d.ts": "9131d1ef0f7faca49ef6cac78f1b20291bc78d0cf9a4c5a036732847f328a6b7",
    "https://esm.sh/v106/@types/three@0.149.0/src/extras/curves/ArcCurve.d.ts": "532c4267137d098f8692120008a480809164d9b02f03a6da0a94144ab8728266",
    "https://esm.sh/v106/@types/three@0.149.0/src/extras/curves/CatmullRomCurve3.d.ts": "d407315c43aca96e3c48732ed2ce984ad4013dbec84dae7bf3fcd76c984482fc",
    "https://esm.sh/v106/@types/three@0.149.0/src/extras/curves/CubicBezierCurve.d.ts": "d3769202c3d4d055a66e7cc9001081469805e342af75917635650addf0ceaee8",
    "https://esm.sh/v106/@types/three@0.149.0/src/extras/curves/CubicBezierCurve3.d.ts": "6d29e8ab2d0eba52bd1b4e5b0bf774fb0983594b25a7e6da58fa3fb81a9e8d87",
    "https://esm.sh/v106/@types/three@0.149.0/src/extras/curves/Curves.d.ts": "7f3a4eeeadaf17fd7774824b89171db12d47e23602a6db4eaafaf43d3854bbb6",
    "https://esm.sh/v106/@types/three@0.149.0/src/extras/curves/EllipseCurve.d.ts": "f8ae2ce9cab6873ed2d64a1fbe7e84407a1ebeb1d3f8a38f447b1620b692530a",
    "https://esm.sh/v106/@types/three@0.149.0/src/extras/curves/LineCurve.d.ts": "cd5d7cd4121133f6594b10ded3c158c7b41ad93aa037b1dc50c7fff4366ccf26",
    "https://esm.sh/v106/@types/three@0.149.0/src/extras/curves/LineCurve3.d.ts": "2c0a597f58246084c6d3d48b629822b6a17bcf26ab54a0757470f3525e7fb563",
    "https://esm.sh/v106/@types/three@0.149.0/src/extras/curves/QuadraticBezierCurve.d.ts": "dabac0fc01e0ef3aa22d6eb9afe2f95214fb01cc4b413efb924c22d2cf8aac7d",
    "https://esm.sh/v106/@types/three@0.149.0/src/extras/curves/QuadraticBezierCurve3.d.ts": "f78cfd8d3c1999c3d3e3e06314507eced9e8c6b12e599993639b621fc3e60efb",
    "https://esm.sh/v106/@types/three@0.149.0/src/extras/curves/SplineCurve.d.ts": "70081288df9d26478162b2bbf7486c7da10a11c00e592953fbcee06f0c605701",
    "https://esm.sh/v106/@types/three@0.149.0/src/geometries/BoxGeometry.d.ts": "5ab329b2e77f51441713b109efdac75737324d336654e8009c938e7bec3893f1",
    "https://esm.sh/v106/@types/three@0.149.0/src/geometries/CapsuleGeometry.d.ts": "f50932cd98ce93c7b256a92c28b57d53cc2b889260d261cf94e9eecfc0fc705a",
    "https://esm.sh/v106/@types/three@0.149.0/src/geometries/CircleGeometry.d.ts": "2e497a4ec981c577c880e0c9ffd15ee2df51434fb0490502458c12ac1428a58b",
    "https://esm.sh/v106/@types/three@0.149.0/src/geometries/ConeGeometry.d.ts": "7895868e0afe1950c452513ca5b87d65762e2708935eda0befc067dc43b01a56",
    "https://esm.sh/v106/@types/three@0.149.0/src/geometries/CylinderGeometry.d.ts": "cd848606739ae01d789d5a7368f92e5091b5c0d51da052472444257235a08dcc",
    "https://esm.sh/v106/@types/three@0.149.0/src/geometries/DodecahedronGeometry.d.ts": "7042bb9b1128e25a7d5bf5f1ef5f9a558c688fd2bc628d64b12d188ae7b2f5ce",
    "https://esm.sh/v106/@types/three@0.149.0/src/geometries/EdgesGeometry.d.ts": "4378bfd48a1724b9908d94f59ff2f3965c6037dcfea5ed22df25f796c7e473d8",
    "https://esm.sh/v106/@types/three@0.149.0/src/geometries/ExtrudeGeometry.d.ts": "7f6b61b2bcf35df7eaba62ecf19bf0d5a72d222de51229193527c4993dc45388",
    "https://esm.sh/v106/@types/three@0.149.0/src/geometries/Geometries.d.ts": "2da583f06818ad193e55bf686529fddcf42ff29566645cdf4ec74404498f1d0d",
    "https://esm.sh/v106/@types/three@0.149.0/src/geometries/IcosahedronGeometry.d.ts": "4c8a894e339a08d277928dfc02a7babceb054fd71fa7c038e6fa39822d1e36b3",
    "https://esm.sh/v106/@types/three@0.149.0/src/geometries/LatheGeometry.d.ts": "90cd5c0996abea04c96c9eabaf5295c2490d79fd026724e9ce34aeb57c312210",
    "https://esm.sh/v106/@types/three@0.149.0/src/geometries/OctahedronGeometry.d.ts": "d7e944e0397178906311a5eb500fc6ee5c96d3892dfa58902174cc3256627cf9",
    "https://esm.sh/v106/@types/three@0.149.0/src/geometries/PlaneGeometry.d.ts": "c489bddb5b4729a4055900d82f7a752eb4ba755674b91bcd4ac36359dafdfb6c",
    "https://esm.sh/v106/@types/three@0.149.0/src/geometries/PolyhedronGeometry.d.ts": "17b7f96760e752f4142a8ee1faf757e1a55eadb11cdfd8fd2f777e510f77959b",
    "https://esm.sh/v106/@types/three@0.149.0/src/geometries/RingGeometry.d.ts": "520556af4762d8b000c69ac2379882bb724a042a30ad064fe7ddece8ef18f423",
    "https://esm.sh/v106/@types/three@0.149.0/src/geometries/ShapeGeometry.d.ts": "89846f6ff1344a38041dad04f76e67b897a6d53d5bfc1dd51e96b9bd44b7adc2",
    "https://esm.sh/v106/@types/three@0.149.0/src/geometries/SphereGeometry.d.ts": "901f6408a38941046e6d85633ff242ea7c51bc57261f14e8a01dc163bf631f2f",
    "https://esm.sh/v106/@types/three@0.149.0/src/geometries/TetrahedronGeometry.d.ts": "746f7877eccd66b8de6cab5ced7ab56d4ae47938992a67f527959d8a1f1c6cd6",
    "https://esm.sh/v106/@types/three@0.149.0/src/geometries/TorusGeometry.d.ts": "ec26be64dd8a1ae3fc53959218b5ec35d3abbd1d52549fbdd930c1b9055ce359",
    "https://esm.sh/v106/@types/three@0.149.0/src/geometries/TorusKnotGeometry.d.ts": "174d52bdb5c640506709d9c1c2ae9aba5183b4a0881f653cb0d776103bf42313",
    "https://esm.sh/v106/@types/three@0.149.0/src/geometries/TubeGeometry.d.ts": "3685078e08de303b736a9e754936e96f45895f75b6070d7ad61d57c015486b11",
    "https://esm.sh/v106/@types/three@0.149.0/src/geometries/WireframeGeometry.d.ts": "56536383d5539e0252e884c5b132d3b3a31c22010597add7b1b8584ac8f3832f",
    "https://esm.sh/v106/@types/three@0.149.0/src/helpers/ArrowHelper.d.ts": "dea13104cfb2c872fa5baf66e5870d7fb7a983babcdf0d4a6e42f84551704e31",
    "https://esm.sh/v106/@types/three@0.149.0/src/helpers/AxesHelper.d.ts": "8838051ae2d61fa45bfab2c9856af52168e764839519eda0ad9116bbb6852c3d",
    "https://esm.sh/v106/@types/three@0.149.0/src/helpers/Box3Helper.d.ts": "31ae42db6fe4a4c118cfb51ba0449571231d1a34544287aad8947336f3e0644e",
    "https://esm.sh/v106/@types/three@0.149.0/src/helpers/BoxHelper.d.ts": "1399162508bd1272edaef2550a1bdfdcdab36d408880678944516e8c21ccddf9",
    "https://esm.sh/v106/@types/three@0.149.0/src/helpers/CameraHelper.d.ts": "3c206347ba0c2155e5d45bfd0d5222ab59879a00ae559cc30070603d46eac9f6",
    "https://esm.sh/v106/@types/three@0.149.0/src/helpers/DirectionalLightHelper.d.ts": "b40d98349c6b72221e3011a802647aec98948f593bd1847c98f2f770d34e066a",
    "https://esm.sh/v106/@types/three@0.149.0/src/helpers/GridHelper.d.ts": "9464e045aa12003856ab4c3ee09b9b65753a7dfc0c307393d8df15d0358dcbd1",
    "https://esm.sh/v106/@types/three@0.149.0/src/helpers/HemisphereLightHelper.d.ts": "bf81ca34aaa901d5dd668be6e3f444e743559c8971d3d97a6c247d4e8cff3c7c",
    "https://esm.sh/v106/@types/three@0.149.0/src/helpers/PlaneHelper.d.ts": "3910b760b35d88ebe6682846b728f3c1765485c392eb69837a9d2a619ef2ccdc",
    "https://esm.sh/v106/@types/three@0.149.0/src/helpers/PointLightHelper.d.ts": "542a4406435cfad524c88e70762b6afbc5e672289df1bfbd2ec3d2a323cf2a08",
    "https://esm.sh/v106/@types/three@0.149.0/src/helpers/PolarGridHelper.d.ts": "e84ebcf6e3c6c549b354ab5c818c7f012a6b3f613797c1eff1822c86aca26564",
    "https://esm.sh/v106/@types/three@0.149.0/src/helpers/SkeletonHelper.d.ts": "9b2ca2ff432f1ba2cf71d5d330449c703d25431cf1b64c436d76ae01ae9bf996",
    "https://esm.sh/v106/@types/three@0.149.0/src/helpers/SpotLightHelper.d.ts": "a5d7d460ff8ae1c04423c75dcfeb52d15beada04946969d5ab60ed0238a101ff",
    "https://esm.sh/v106/@types/three@0.149.0/src/lights/AmbientLight.d.ts": "f7978e7402e4350acbcfbaae393be6b9aad455a4cc4a558916c53aa76a65e9e0",
    "https://esm.sh/v106/@types/three@0.149.0/src/lights/AmbientLightProbe.d.ts": "6b1beddaf42d925aa51c15e132ba474f4b46df3642d1f956cee5b02901f1ff53",
    "https://esm.sh/v106/@types/three@0.149.0/src/lights/DirectionalLight.d.ts": "54eae4acaa6f71567d27767f1029ae7609594bf996963352ba552137f0173233",
    "https://esm.sh/v106/@types/three@0.149.0/src/lights/DirectionalLightShadow.d.ts": "c78a8ca4abe60caf018f3cfa15b7d6a7bd2977f187c37ebf1664c84e0382d017",
    "https://esm.sh/v106/@types/three@0.149.0/src/lights/HemisphereLight.d.ts": "c588706b2c5603e8d33b289a24c78d6f8f573c5efd7f7371f104b084068e294b",
    "https://esm.sh/v106/@types/three@0.149.0/src/lights/HemisphereLightProbe.d.ts": "1c7336778e4615bd3979595903a8724b332cbe5d09ac7ecc193de4dc0435ea48",
    "https://esm.sh/v106/@types/three@0.149.0/src/lights/Light.d.ts": "fabeca993043807fabfc681b942b6874aefc886fbe7ac8e7555c6b4faa7945f8",
    "https://esm.sh/v106/@types/three@0.149.0/src/lights/LightProbe.d.ts": "283b14449c989dd9f7283878f20f70c2130af2f5cdf6bb68ffd16ef34d70ebc9",
    "https://esm.sh/v106/@types/three@0.149.0/src/lights/LightShadow.d.ts": "b3057bfd2766f600804b6982e08e8c9da891a9aa70d3b4d092e899a12f017d10",
    "https://esm.sh/v106/@types/three@0.149.0/src/lights/PointLight.d.ts": "34b6bea38a85873edf69980c09fd08f9f9df283e64410b878a820be1434d8725",
    "https://esm.sh/v106/@types/three@0.149.0/src/lights/PointLightShadow.d.ts": "87f2093a5ab5595d433b6129fb212ad98b181358554673d00b540ef176edbf95",
    "https://esm.sh/v106/@types/three@0.149.0/src/lights/RectAreaLight.d.ts": "c21e4e55a6dc1b066490b4b4a53ac0cfdfab64d49f920c4535b94b4fd8e65c33",
    "https://esm.sh/v106/@types/three@0.149.0/src/lights/SpotLight.d.ts": "669b9826c1e4c2947df1af401911fdbd1de567aa85c8c3567c3776e6f5eaf979",
    "https://esm.sh/v106/@types/three@0.149.0/src/lights/SpotLightShadow.d.ts": "0ba21b46b9e74e71997795532758bcd4e37bafaa52680994272e7a816b40eb4f",
    "https://esm.sh/v106/@types/three@0.149.0/src/loaders/AnimationLoader.d.ts": "cebc555a08c00446c99a83851bf1ae3507b616109ddf8e85dba736dd0113f439",
    "https://esm.sh/v106/@types/three@0.149.0/src/loaders/AudioLoader.d.ts": "162cf676e424924c64e1a84d9e9e54d359abecbdbc2eebdbaf3649acaebaa5ae",
    "https://esm.sh/v106/@types/three@0.149.0/src/loaders/BufferGeometryLoader.d.ts": "a3738f945b6fdfeeabb4a5137c474e5321bd215e3b0a906107a30105a9365075",
    "https://esm.sh/v106/@types/three@0.149.0/src/loaders/Cache.d.ts": "57f2d9377264cf90b169ba4bbbcee8135d1350d8523d60a41d5523cf8456f226",
    "https://esm.sh/v106/@types/three@0.149.0/src/loaders/CompressedTextureLoader.d.ts": "14cc6b2f6fbcf530cb26972d137e961eb2ece893478951bb62b818c33811df44",
    "https://esm.sh/v106/@types/three@0.149.0/src/loaders/CubeTextureLoader.d.ts": "2f615536fb6af984aaa3478dfb6637667a313f584717de7d9bba05d1facbe280",
    "https://esm.sh/v106/@types/three@0.149.0/src/loaders/DataTextureLoader.d.ts": "2cbce40ce8a73d2084cefe32c0eda44f26881bc72e00e551575746000fdda117",
    "https://esm.sh/v106/@types/three@0.149.0/src/loaders/FileLoader.d.ts": "e9149713897f0c5476c3d76310feb9310d7e0d2057ddba417f0d1fb203373965",
    "https://esm.sh/v106/@types/three@0.149.0/src/loaders/ImageBitmapLoader.d.ts": "e18b87919479178260e0747fb8ddb62035f536ad3fc3052486619e5c357102a8",
    "https://esm.sh/v106/@types/three@0.149.0/src/loaders/ImageLoader.d.ts": "13f533045406851ccf023ae025ea1d5740e307fe6a3df7dfe36c897972a43a70",
    "https://esm.sh/v106/@types/three@0.149.0/src/loaders/Loader.d.ts": "718bd1014d7bcdd6bcbc76f0dde9b82fb607fbedbc19abf026736e1edf7dbdf1",
    "https://esm.sh/v106/@types/three@0.149.0/src/loaders/LoaderUtils.d.ts": "fe605c9e09b87c3032c78e3728f1b06f3402c3377dadde55aa2a31b325c5a977",
    "https://esm.sh/v106/@types/three@0.149.0/src/loaders/LoadingManager.d.ts": "284adbd3444c7790ef8c490b38d2229fe51847a6e47259a2ab85f0b412a88e77",
    "https://esm.sh/v106/@types/three@0.149.0/src/loaders/MaterialLoader.d.ts": "2f0c5f7ea7aebd9d0be19e590509da177b801341481d5fe2ac52d6517488f645",
    "https://esm.sh/v106/@types/three@0.149.0/src/loaders/ObjectLoader.d.ts": "642546a8f33cf79e7e227962ea3e94a8a0a0e19fcf013fd9969a18700dd36e5a",
    "https://esm.sh/v106/@types/three@0.149.0/src/loaders/TextureLoader.d.ts": "81bda866c22f12a682dafa48ff2e70f607d77bb6018620e5526810820486ad2e",
    "https://esm.sh/v106/@types/three@0.149.0/src/materials/LineBasicMaterial.d.ts": "c5129f130a90072ee64c2399227f102206cc71975a61dfc64727d239b9b64165",
    "https://esm.sh/v106/@types/three@0.149.0/src/materials/LineDashedMaterial.d.ts": "946668e7c9bc9d80102b99184cf655f1de65ba0bbb7139562373c603303fbf65",
    "https://esm.sh/v106/@types/three@0.149.0/src/materials/Material.d.ts": "f10620cfe35ba6608244b9105bdf2de9863b8a85a402d3b409a84035bdbdb17d",
    "https://esm.sh/v106/@types/three@0.149.0/src/materials/Materials.d.ts": "8e12fba4bb055821822e8195624ba447ab495813c36f234a29bc74bbb7a1dc2b",
    "https://esm.sh/v106/@types/three@0.149.0/src/materials/MeshBasicMaterial.d.ts": "8beebb1bce2314e0121cca7e0f8af481b6347687fd7be668123af47cbec26179",
    "https://esm.sh/v106/@types/three@0.149.0/src/materials/MeshDepthMaterial.d.ts": "2c88b697fca1c37458006963b055c8928d6abc4d79d2d6952c0ca2fd50b94883",
    "https://esm.sh/v106/@types/three@0.149.0/src/materials/MeshDistanceMaterial.d.ts": "4c4c351e691f1f28ed85a9a864ab4f70ea6c98954d2cfd453b27649f6a3c9f8a",
    "https://esm.sh/v106/@types/three@0.149.0/src/materials/MeshLambertMaterial.d.ts": "4a6d0aef726d186793c41e2df3dedeb2f430df3c1fd3e4e59b8d23300fe26d54",
    "https://esm.sh/v106/@types/three@0.149.0/src/materials/MeshMatcapMaterial.d.ts": "0ac42e04ef19db19b1b9a323269e247da6221f3e30deb13a86d596737f401d5e",
    "https://esm.sh/v106/@types/three@0.149.0/src/materials/MeshNormalMaterial.d.ts": "0dbf6c34a1f4fb6e01494fcf60fe973400b3f324fd33b2a2c308c92241cb404a",
    "https://esm.sh/v106/@types/three@0.149.0/src/materials/MeshPhongMaterial.d.ts": "22279620efc63a915f5bce2497d2bb0d51c1023dc5b3af6df4b7ec900fdce49c",
    "https://esm.sh/v106/@types/three@0.149.0/src/materials/MeshPhysicalMaterial.d.ts": "4a9f33f1e942cdb8da42dd940ffbe588194b567a720ab02ebc28737bc806074d",
    "https://esm.sh/v106/@types/three@0.149.0/src/materials/MeshStandardMaterial.d.ts": "1e435db9070c3e1ae1017067c24a577b742d917f7f00f92f5c783b14855fa211",
    "https://esm.sh/v106/@types/three@0.149.0/src/materials/MeshToonMaterial.d.ts": "a9cf7b50d058bc2701421c42dff62a22f0f94165a095c36636e90f14cceb847e",
    "https://esm.sh/v106/@types/three@0.149.0/src/materials/PointsMaterial.d.ts": "071d2d659070623c958b0a39ecfa82f6dd27286d900d1b5c1a062de9a7d431e5",
    "https://esm.sh/v106/@types/three@0.149.0/src/materials/RawShaderMaterial.d.ts": "6d291c0785e0b0be5c97b163704b9dee7968c037cc4e3245b95e23f20c668210",
    "https://esm.sh/v106/@types/three@0.149.0/src/materials/ShaderMaterial.d.ts": "f9577ae3b1c63b68c3dd0f77d76ab319a206c983ba3dddb8b4923089e9b8f3a9",
    "https://esm.sh/v106/@types/three@0.149.0/src/materials/ShadowMaterial.d.ts": "4cf48fb7a3839bd7fd4f978a034e826bf457ec9efd586d3e725c1ccd9858a82d",
    "https://esm.sh/v106/@types/three@0.149.0/src/materials/SpriteMaterial.d.ts": "6864e0598dcefca78c7817a67f9536e7b1466c8adb48b75493e7a59c72433e67",
    "https://esm.sh/v106/@types/three@0.149.0/src/math/Box2.d.ts": "10f83ed7b2f7cb5aa53e887e89b912956a740ae7cef2a0849699d59b515d4043",
    "https://esm.sh/v106/@types/three@0.149.0/src/math/Box3.d.ts": "190f38c6bcaa966fd085ad3ae8b15289567f87453a5623eab264559d80e45c29",
    "https://esm.sh/v106/@types/three@0.149.0/src/math/Color.d.ts": "b9604b7a019f1a2a41d03035bb681ba304fe5973b245fb3d94f7da8f3858e81a",
    "https://esm.sh/v106/@types/three@0.149.0/src/math/ColorManagement.d.ts": "948160adaf47f8a09889b459c958eab7d559867fb5528c048323dbd9c553421d",
    "https://esm.sh/v106/@types/three@0.149.0/src/math/Cylindrical.d.ts": "fbbd6ac4b00f50e46445f383e69f1b8ec35923e723f24552d25c4cc6f6da5181",
    "https://esm.sh/v106/@types/three@0.149.0/src/math/Euler.d.ts": "fefd661547416cd6cc27d0d3e9f1cd088943e54b15d62b5b104d8ab7dad35296",
    "https://esm.sh/v106/@types/three@0.149.0/src/math/Frustum.d.ts": "17db1e018c0d72519a8a65c70fa2872ce870c54522ee9f8a40b9478e614642db",
    "https://esm.sh/v106/@types/three@0.149.0/src/math/Interpolant.d.ts": "4ba733d1a5ff0a0779b714468b13c9089f0d877e6fbd0147fac7c3af54c89fe0",
    "https://esm.sh/v106/@types/three@0.149.0/src/math/Line3.d.ts": "ca5a61c42e1ae35354fbb1d02cd4cc219f21eb919fe44bf27bea228fc547d88e",
    "https://esm.sh/v106/@types/three@0.149.0/src/math/MathUtils.d.ts": "5039eb30420e22800cec41c7c8b7d1224e06e280555ef558a68f551398705682",
    "https://esm.sh/v106/@types/three@0.149.0/src/math/Matrix3.d.ts": "e4c677a0cd1c7511470109c63c8d1d5f159f7a3eac8e0ade757f9643934d6eee",
    "https://esm.sh/v106/@types/three@0.149.0/src/math/Matrix4.d.ts": "befb96ac6f129f47df0ec245eb33a45ceb697ce00860e7ef5b02ed38c3803944",
    "https://esm.sh/v106/@types/three@0.149.0/src/math/Plane.d.ts": "5ed606185f253944003e908d3b71d855f8da00997d8ce83a129ba7aca4f8fe96",
    "https://esm.sh/v106/@types/three@0.149.0/src/math/Quaternion.d.ts": "40438b3cd877eebc4e5c8074083086422a1913461d4bd33cdbdd64fe52d2ab46",
    "https://esm.sh/v106/@types/three@0.149.0/src/math/Ray.d.ts": "639b429270431fcae0ab03215611ed30d1b11cd12c61829f07ffd9c0d0667e4a",
    "https://esm.sh/v106/@types/three@0.149.0/src/math/Sphere.d.ts": "3e25fb24ca0b1103cf428add2c9a54f1313bbdd3c9d7b9010f54cbc22469f422",
    "https://esm.sh/v106/@types/three@0.149.0/src/math/Spherical.d.ts": "f6e0926f4eee096d94b6170f85037e90dc0edd404e425865f9ae753615d4b212",
    "https://esm.sh/v106/@types/three@0.149.0/src/math/SphericalHarmonics3.d.ts": "fa347fc5b12c49ea6c40125e165bb30107ebb55b3070361cb0caeab767fc4e7d",
    "https://esm.sh/v106/@types/three@0.149.0/src/math/Triangle.d.ts": "322ee3fd1b1c614d8a27bb6028c852b04b90e672bbd7e4d4b1f62bbfb654b1b6",
    "https://esm.sh/v106/@types/three@0.149.0/src/math/Vector2.d.ts": "194afcf6c23979836093b285f3b2d7d821b56d8777e2ee5625c16855cfe07828",
    "https://esm.sh/v106/@types/three@0.149.0/src/math/Vector3.d.ts": "07f908b37cb993c223559c50d41e90e138815b29ed5bb1406f889ddbd8a51f93",
    "https://esm.sh/v106/@types/three@0.149.0/src/math/Vector4.d.ts": "11319f247e7f47dd000a3f83efadbc66278e582c63f19ea7c96e6ec7c3536676",
    "https://esm.sh/v106/@types/three@0.149.0/src/math/interpolants/CubicInterpolant.d.ts": "ff947deca7e81e6cb9185f1426e4f85bcd89dfebb5d8c40dbac61a544d7dadd9",
    "https://esm.sh/v106/@types/three@0.149.0/src/math/interpolants/DiscreteInterpolant.d.ts": "d6bcf1ecee81aea999cea3893a4e59f57f788b8cfb2e51a4b70dc9c8d1069632",
    "https://esm.sh/v106/@types/three@0.149.0/src/math/interpolants/LinearInterpolant.d.ts": "b470e0bef281e9c8f5db005a9ca4a711f58b08951adef278039b5e02acbcb47f",
    "https://esm.sh/v106/@types/three@0.149.0/src/math/interpolants/QuaternionLinearInterpolant.d.ts": "542dde8c6305c73a7588c2f7925eafebc7256c2d33b44fbaf8fea2098c5ab1ac",
    "https://esm.sh/v106/@types/three@0.149.0/src/objects/Bone.d.ts": "caf77f3a770900e70065ebd49f628e3869106177e266917801cc33ca81bfd691",
    "https://esm.sh/v106/@types/three@0.149.0/src/objects/Group.d.ts": "999bda00772d4ee23edb5ac96d25096cde0fffaf75c423863a56fb2663ceef95",
    "https://esm.sh/v106/@types/three@0.149.0/src/objects/InstancedMesh.d.ts": "986294647c61f690e0838a1cbb080b42bb30bb83b22ac136d6374fb6ccdded9f",
    "https://esm.sh/v106/@types/three@0.149.0/src/objects/LOD.d.ts": "b85b99080b7168656485726bf1b3fe218cb85627bf73d2f19f485192bb942da6",
    "https://esm.sh/v106/@types/three@0.149.0/src/objects/Line.d.ts": "cc11f09c2df6a0ef435c6436bf637e140987e2cea5eeeac44d018d325ee352b2",
    "https://esm.sh/v106/@types/three@0.149.0/src/objects/LineLoop.d.ts": "fd1f1a480d4a4b71e25debf3f4fe8dbcc484b5cb433d38cc47b2cc1a7ccb18c4",
    "https://esm.sh/v106/@types/three@0.149.0/src/objects/LineSegments.d.ts": "3eb04ba5ca868dad40376a93f2abae6df70c5f0f8a1d4b7b140b9be7676504fc",
    "https://esm.sh/v106/@types/three@0.149.0/src/objects/Mesh.d.ts": "54b610092eeaee7572c6b4ab7909ebc426e3863c8298d920d34d4ee4bb742c62",
    "https://esm.sh/v106/@types/three@0.149.0/src/objects/Points.d.ts": "a1dec258406202021827aa7f7680eb13b05e0ef4c2c4e74e532ca0524f596a4c",
    "https://esm.sh/v106/@types/three@0.149.0/src/objects/Skeleton.d.ts": "48ed95404104e5d01f5ab729454e559cf15b95ed97b1dda4f5a125943841dd52",
    "https://esm.sh/v106/@types/three@0.149.0/src/objects/SkinnedMesh.d.ts": "6dff807468fa5abfe91f54a92d0639a3989b1a064349f713ae60ac52dadf4c73",
    "https://esm.sh/v106/@types/three@0.149.0/src/objects/Sprite.d.ts": "26fc40e151b7779cbf0e2898da206ccc815830971758a8064ae6d5c4fbba3c0d",
    "https://esm.sh/v106/@types/three@0.149.0/src/renderers/WebGL1Renderer.d.ts": "ba871edbdce39d3fc5624ef35ac8bbc860baab8b59fc91811a67a9f00632c597",
    "https://esm.sh/v106/@types/three@0.149.0/src/renderers/WebGL3DRenderTarget.d.ts": "e9e7f38606f418fcfe0f308b7d6600a51f07d31775cb38766210281d38d84c15",
    "https://esm.sh/v106/@types/three@0.149.0/src/renderers/WebGLArrayRenderTarget.d.ts": "a9968367a4f2f5bcfb6f238b9421930f74dfd90fc626c3815362b1fdb8edc266",
    "https://esm.sh/v106/@types/three@0.149.0/src/renderers/WebGLCubeRenderTarget.d.ts": "a025e410fe4e727f0c988b6ddf47589929b4a128b2a61484a63ca702fac2577a",
    "https://esm.sh/v106/@types/three@0.149.0/src/renderers/WebGLMultipleRenderTargets.d.ts": "26333497a7d11f3dc41dc794df68d3dc0ee78a51f6a1f74c86d5e4dd277e3661",
    "https://esm.sh/v106/@types/three@0.149.0/src/renderers/WebGLRenderTarget.d.ts": "a93997a74b2552076e80053edd53096929de5efe6ca43ecb981caacae5133556",
    "https://esm.sh/v106/@types/three@0.149.0/src/renderers/WebGLRenderer.d.ts": "7821a096bced9e78f424f1375b02ffcfdaf96ef982f2fc93b9799460c22dfe76",
    "https://esm.sh/v106/@types/three@0.149.0/src/renderers/shaders/ShaderChunk.d.ts": "b428ef19e21c3a1895fef811262cc7ae0bde0274e77fe0426663c27ce86a1946",
    "https://esm.sh/v106/@types/three@0.149.0/src/renderers/shaders/ShaderLib.d.ts": "52e1de11a1ba034d9eefd1ad67bea498a9bd7f56203b6b06a516fe58e15b7a35",
    "https://esm.sh/v106/@types/three@0.149.0/src/renderers/shaders/UniformsLib.d.ts": "64f1959b77fc7671f26c91614941ccf4679b30bb9b29a033d9c0e66321036406",
    "https://esm.sh/v106/@types/three@0.149.0/src/renderers/shaders/UniformsUtils.d.ts": "3daac7a78176b7bc4b1618d3bec0bd04cd9b08f3056146da84e60a5fae5df581",
    "https://esm.sh/v106/@types/three@0.149.0/src/renderers/webgl/WebGLAttributes.d.ts": "e79385f026fdf6ddedc48fda28a70d80576657930f5b6c228f4e0eefa510174e",
    "https://esm.sh/v106/@types/three@0.149.0/src/renderers/webgl/WebGLBindingStates.d.ts": "dc11726d62ceffa08eeba85d5eb7f78b585f49a1fed16039e16a19ce94bbf6b6",
    "https://esm.sh/v106/@types/three@0.149.0/src/renderers/webgl/WebGLBufferRenderer.d.ts": "e6fe6247d89f77d80474bde4490f49d301ac65455879178c97978f67c329c226",
    "https://esm.sh/v106/@types/three@0.149.0/src/renderers/webgl/WebGLCapabilities.d.ts": "1029494adeee9517e69000187f295df605c580be882ebe3d2f7974eefdd205fe",
    "https://esm.sh/v106/@types/three@0.149.0/src/renderers/webgl/WebGLClipping.d.ts": "113072f9ec3189177fb8f249d6f8f1e1aa3d6bada99f735edeebfe83ea5f44b8",
    "https://esm.sh/v106/@types/three@0.149.0/src/renderers/webgl/WebGLCubeMaps.d.ts": "4d0ce932a4136b3911ce459f9136278e78a6b3acf108ff05ae524a7bcc20a7a8",
    "https://esm.sh/v106/@types/three@0.149.0/src/renderers/webgl/WebGLCubeUVMaps.d.ts": "ad24a7e5011a0018a4360fbceef2cddd5182ad0552899dbbef9d44d6e0e7caf9",
    "https://esm.sh/v106/@types/three@0.149.0/src/renderers/webgl/WebGLExtensions.d.ts": "b21f36f14b80b71c929addb38af0460462c43c6b94bed73b83233de6c6c8ad40",
    "https://esm.sh/v106/@types/three@0.149.0/src/renderers/webgl/WebGLGeometries.d.ts": "539a271b517e1b951e03b4dba97bdd081b2769fedbe5e34742ed9a70814a3fdc",
    "https://esm.sh/v106/@types/three@0.149.0/src/renderers/webgl/WebGLIndexedBufferRenderer.d.ts": "2360668f67c85a1ea07864282b797189555b9b9928be94685773ed8381302588",
    "https://esm.sh/v106/@types/three@0.149.0/src/renderers/webgl/WebGLInfo.d.ts": "aa395758b79116f364f593b2a8c17e9b6136b1039bcbafe2f8fdddedb88104b3",
    "https://esm.sh/v106/@types/three@0.149.0/src/renderers/webgl/WebGLLights.d.ts": "f0b76e18e9ab02e034c8baaf458c41d7b2aac68226ada1b401eef2fb506a3f9e",
    "https://esm.sh/v106/@types/three@0.149.0/src/renderers/webgl/WebGLObjects.d.ts": "0df7497ada3a4f6459420803ecf7e555f1ad1e7bd43c1e17bdafbc34e19d7162",
    "https://esm.sh/v106/@types/three@0.149.0/src/renderers/webgl/WebGLProgram.d.ts": "0b252179d733f41517d4293ea79967f21b0a778a95262d9e66b9f1b7881e8ed7",
    "https://esm.sh/v106/@types/three@0.149.0/src/renderers/webgl/WebGLPrograms.d.ts": "0cdc8f5a27f8640e7a4aa5a36d70f49418193216c2b3e479f049face9ffb70ed",
    "https://esm.sh/v106/@types/three@0.149.0/src/renderers/webgl/WebGLProperties.d.ts": "281eb8e4ddd65b6733cf1f175dd1af1bb2595bbcea7c12324f028079ba78fdf9",
    "https://esm.sh/v106/@types/three@0.149.0/src/renderers/webgl/WebGLRenderLists.d.ts": "2f4a2b5781489d7c4feba8a16022aeadf55349fc4816f72dab23ff66a0b5031d",
    "https://esm.sh/v106/@types/three@0.149.0/src/renderers/webgl/WebGLShader.d.ts": "b71e7f69e72d51d44ad171e6e93aedc2c33c339dab5fa2656e7b1ee5ba19b2ad",
    "https://esm.sh/v106/@types/three@0.149.0/src/renderers/webgl/WebGLShadowMap.d.ts": "b32cd7a3b27508c3195c8c52efc80e3828b43bc8feebea10aec82407188c517f",
    "https://esm.sh/v106/@types/three@0.149.0/src/renderers/webgl/WebGLState.d.ts": "63abe88a7cb20d04214409ee532219ee295132527b5be87a518878e7e9ad739a",
    "https://esm.sh/v106/@types/three@0.149.0/src/renderers/webgl/WebGLTextures.d.ts": "67b5f514a295064917bc2e5be2ccdd33d16d72fc6af4b90bc6e7d6382972e546",
    "https://esm.sh/v106/@types/three@0.149.0/src/renderers/webgl/WebGLUniforms.d.ts": "99f61e734f1d68a2a1dce6d69808ebf07e1726cc0888d724d64d282c4021ee19",
    "https://esm.sh/v106/@types/three@0.149.0/src/renderers/webgl/WebGLUniformsGroups.d.ts": "82b1f4ce374702b37dae55dc793111e10e10fd28b326d55ea505d6356dfc8da0",
    "https://esm.sh/v106/@types/three@0.149.0/src/renderers/webgl/WebGLUtils.d.ts": "6990823860ce08292fab9a7dbd34d0eee93312b601eda5535c5bb4a258701bca",
    "https://esm.sh/v106/@types/three@0.149.0/src/renderers/webxr/WebXRController.d.ts": "6c880033c920078359b048bfff7540b257b0d6ff8f09b0b4993b1b37e49caf44",
    "https://esm.sh/v106/@types/three@0.149.0/src/renderers/webxr/WebXRManager.d.ts": "63687f52bd864164a4aaf616a234dd3a6c131c09ef622dd817197a9015c218cf",
    "https://esm.sh/v106/@types/three@0.149.0/src/scenes/Fog.d.ts": "e429113719a536f6e4a71386085e1678b129d80475fab68c4a3b1d984f1d7758",
    "https://esm.sh/v106/@types/three@0.149.0/src/scenes/FogExp2.d.ts": "38723177f7e28fa5c64268badb2b1bc3eba8c2296e4657283d7151de0110dc50",
    "https://esm.sh/v106/@types/three@0.149.0/src/scenes/Scene.d.ts": "e69df48f13d3e10e645140372f15e94c1314367ff773c96ddd29308c725d463d",
    "https://esm.sh/v106/@types/three@0.149.0/src/textures/CanvasTexture.d.ts": "89c099692e07db31ca99ea243e6af98f131f31de8d80cbcb9b7551d25e4bc430",
    "https://esm.sh/v106/@types/three@0.149.0/src/textures/CompressedArrayTexture.d.ts": "84983df36ad8aaf0441a1105a3b46ebc7bd21ed8c4ac9f141969c1995fa4ca5c",
    "https://esm.sh/v106/@types/three@0.149.0/src/textures/CompressedTexture.d.ts": "35137ef813660d00bd975153f5d38a9973ee2a4b9091937fb56fdc350aef00fd",
    "https://esm.sh/v106/@types/three@0.149.0/src/textures/CubeTexture.d.ts": "a4a443a9f0b6d0c995756c366b49a21360449d737e6de6a85502f2108c38d304",
    "https://esm.sh/v106/@types/three@0.149.0/src/textures/Data3DTexture.d.ts": "e171077134d27954f4268d95d9af8688b4d3f67efc29c9d625ef8e3ece330519",
    "https://esm.sh/v106/@types/three@0.149.0/src/textures/DataArrayTexture.d.ts": "70f9dfa8f713074a4ad513b2590a7580d96d8204f416b5dc048936839f4d33f8",
    "https://esm.sh/v106/@types/three@0.149.0/src/textures/DataTexture.d.ts": "f1bed489860902b927848c11ff6004d4ab71596e3079e233d2a80f7b59362227",
    "https://esm.sh/v106/@types/three@0.149.0/src/textures/DepthTexture.d.ts": "26781cd00ad124c9c6717335572e054ccc149700797e8fe07ef200babd81314e",
    "https://esm.sh/v106/@types/three@0.149.0/src/textures/FramebufferTexture.d.ts": "26fe6c389eea59f3fe8bf5c1d39ef0b0112bdb9c7077b818f76db49507772ca5",
    "https://esm.sh/v106/@types/three@0.149.0/src/textures/Source.d.ts": "2b64a14014f0c2afdaedd68d7bc71b17881b73c316d1824066b8d69c0f46873e",
    "https://esm.sh/v106/@types/three@0.149.0/src/textures/Texture.d.ts": "9850ccd8c1fa3a8b43cefe32db87b05644b72ccd05ac291d05301666d37af461",
    "https://esm.sh/v106/@types/three@0.149.0/src/textures/VideoTexture.d.ts": "019aef8bcbe02e78af8f1f4a5b3ab90060aef0d78c67e24ed1c01ab9e8d18d3b",
    "https://esm.sh/v106/@types/three@0.149.0/src/utils.d.ts": "1035931f48c4ee30152093f39cd91e28a6d380dbd70830c1d81260736f58c295",
    "https://esm.sh/v106/@types/webxr@0.5.1/index.d.ts": "451b4d8e6dfe09866deb4ed9b5a721232e15a8630f3216f90f32d4bf7e00aa24",
    "https://esm.sh/v106/three@0.149.0/deno/three.js": "ef52e5c45da5010ff6bff67071dc43ad72e88a14c64f46431a69250096d08406"
  },
  "npm": {
    "specifiers": {
      "@ldrawjs/core": "@ldrawjs/core@1.0.5",
      "@ldrawjs/core@1.0.5": "@ldrawjs/core@1.0.5",
      "@ldrawjs/core@1.1.0": "@ldrawjs/core@1.1.0",
      "@ldrawjs/core@1.1.1": "@ldrawjs/core@1.1.1",
      "@ldrawjs/core@1.1.2": "@ldrawjs/core@1.1.2"
    },
    "packages": {
      "@ldrawjs/core@1.0.5": {
        "integrity": "sha512-Azl0Gl/d3yQSXF9kgXMW0Bvgt3vQarvE6J/LR1ZCO/fG93t3RQ0zzQWezyTMetxoEbN0PNakU/h6era6DIjIJA==",
        "dependencies": {
          "three": "three@0.149.0"
        }
      },
      "@ldrawjs/core@1.1.0": {
        "integrity": "sha512-qBFYASTgtR7S5yIITiTueAeFTtP2TQ5g47dtbYx39qZxq62UNchSE2sFKWUkCA1WmPXxps4CL5Zq/oOUA1PP8w==",
        "dependencies": {
          "three": "three@0.149.0"
        }
      },
      "@ldrawjs/core@1.1.1": {
        "integrity": "sha512-mHRUz3nG3iEcP7657CaH0E8iYN9C5W7Vh+H9dWsXQOp6/4iwjEHsle4ofogD9utgBNvePNSVjROHspyD0XabAw==",
        "dependencies": {
          "three": "three@0.149.0"
        }
      },
      "@ldrawjs/core@1.1.2": {
        "integrity": "sha512-+msFnMkYpKQoLQzwy+mBplUozmjmL9vtRJLe1fAap0pwOYnRO62Q9fqwfwF8qAIwYz24Bfw4of3g2bQ9qBQL1w==",
        "dependencies": {
          "three": "three@0.149.0"
        }
      },
      "three@0.149.0": {
        "integrity": "sha512-tohpUxPDht0qExRLDTM8sjRLc5d9STURNrdnK3w9A+V4pxaTBfKWWT/IqtiLfg23Vfc3Z+ImNfvRw1/0CtxrkQ==",
        "dependencies": {}
      }
    }
  }
}
